
Microsoft Visual Studio Solution File, Format Version 12.00
# Visual Studio Version 17
VisualStudioVersion = 17.14.36221.1 d17.14
MinimumVisualStudioVersion = 10.0.40219.1
Project("{FAE04EC0-301F-11D3-BF4B-00C04F79EFBC}") = "jz", "jz\jz.csproj", "{39E34668-5D25-40AA-8DBD-35BE7EED7038}"
EndProject
Global
	GlobalSection(SolutionConfigurationPlatforms) = preSolution
		Debug|Any CPU = Debug|Any CPU
		Release|Any CPU = Release|Any CPU
	EndGlobalSection
	GlobalSection(ProjectConfigurationPlatforms) = postSolution
		{39E34668-5D25-40AA-8DBD-35BE7EED7038}.Debug|Any CPU.ActiveCfg = Debug|Any CPU
		{39E34668-5D25-40AA-8DBD-35BE7EED7038}.Debug|Any CPU.Build.0 = Debug|Any CPU
		{39E34668-5D25-40AA-8DBD-35BE7EED7038}.Release|Any CPU.ActiveCfg = Release|Any CPU
		{39E34668-5D25-40AA-8DBD-35BE7EED7038}.Release|Any CPU.Build.0 = Release|Any CPU
	EndGlobalSection
	GlobalSection(SolutionProperties) = preSolution
		HideSolutionNode = FALSE
	EndGlobalSection
	GlobalSection(ExtensibilityGlobals) = postSolution
		SolutionGuid = {8EFFA9AD-B02C-437A-9536-2E2BFF9C24D0}
	EndGlobalSection
EndGlobal
