
Microsoft Visual Studio Solution File, Format Version 12.00
# Visual Studio Version 17
VisualStudioVersion = 17.14.36221.1 d17.14
MinimumVisualStudioVersion = 10.0.40219.1
Project("{FAE04EC0-301F-11D3-BF4B-00C04F79EFBC}") = "g2ui", "g2ui\g2ui.csproj", "{1A18F0E6-7D6B-49D1-BA4D-421B0C003653}"
EndProject
Global
	GlobalSection(SolutionConfigurationPlatforms) = preSolution
		Debug|Any CPU = Debug|Any CPU
		Release|Any CPU = Release|Any CPU
	EndGlobalSection
	GlobalSection(ProjectConfigurationPlatforms) = postSolution
		{1A18F0E6-7D6B-49D1-BA4D-421B0C003653}.Debug|Any CPU.ActiveCfg = Debug|Any CPU
		{1A18F0E6-7D6B-49D1-BA4D-421B0C003653}.Debug|Any CPU.Build.0 = Debug|Any CPU
		{1A18F0E6-7D6B-49D1-BA4D-421B0C003653}.Release|Any CPU.ActiveCfg = Release|Any CPU
		{1A18F0E6-7D6B-49D1-BA4D-421B0C003653}.Release|Any CPU.Build.0 = Release|Any CPU
	EndGlobalSection
	GlobalSection(SolutionProperties) = preSolution
		HideSolutionNode = FALSE
	EndGlobalSection
	GlobalSection(ExtensibilityGlobals) = postSolution
		SolutionGuid = {D4FE6280-5281-4EFF-A4F8-FD463B8EB1D8}
	EndGlobalSection
EndGlobal
